
Microsoft Visual Studio Solution File, Format Version 12.00
# Visual Studio Version 16
VisualStudioVersion = 16.0.31005.135
MinimumVisualStudioVersion = 10.0.40219.1
Project("{FAE04EC0-301F-11D3-BF4B-00C04F79EFBC}") = "EfficientEnergyWebApp", "EfficientEnergyWebApp\EfficientEnergyWebApp.csproj", "{360079BE-CD2F-4624-8581-31DE6FBB8029}"
EndProject
Global
	GlobalSection(SolutionConfigurationPlatforms) = preSolution
		Debug|Any CPU = Debug|Any CPU
		Release|Any CPU = Release|Any CPU
	EndGlobalSection
	GlobalSection(ProjectConfigurationPlatforms) = postSolution
		{360079BE-CD2F-4624-8581-31DE6FBB8029}.Debug|Any CPU.ActiveCfg = Debug|Any CPU
		{360079BE-CD2F-4624-8581-31DE6FBB8029}.Debug|Any CPU.Build.0 = Debug|Any CPU
		{360079BE-CD2F-4624-8581-31DE6FBB8029}.Release|Any CPU.ActiveCfg = Release|Any CPU
		{360079BE-CD2F-4624-8581-31DE6FBB8029}.Release|Any CPU.Build.0 = Release|Any CPU
	EndGlobalSection
	GlobalSection(SolutionProperties) = preSolution
		HideSolutionNode = FALSE
	EndGlobalSection
	GlobalSection(ExtensibilityGlobals) = postSolution
		SolutionGuid = {A56A9023-D76B-4A05-917E-CA326A62301D}
	EndGlobalSection
EndGlobal
